
Microsoft Visual Studio Solution File, Format Version 12.00
# Visual Studio Version 17
VisualStudioVersion = 17.9.34728.123
MinimumVisualStudioVersion = 10.0.40219.1
Project("{2150E333-8FDC-42A3-9474-1A3956D46DE8}") = "01-Domain", "01-Domain", "{3836BF22-8579-47FA-8FD8-F2D2E9BDA1B3}"
EndProject
Project("{2150E333-8FDC-42A3-9474-1A3956D46DE8}") = "02-Infrastructure", "02-Infrastructure", "{B5DE5FB6-2D75-4AF4-B609-431C8204EB57}"
EndProject
Project("{2150E333-8FDC-42A3-9474-1A3956D46DE8}") = "03-EndPoint", "03-EndPoint", "{BFB3386A-EED6-4ED9-8280-FC80D23AFAFE}"
EndProject
Project("{2150E333-8FDC-42A3-9474-1A3956D46DE8}") = "Core", "Core", "{4C111670-BD95-4E3E-8A49-DAC05FACFAD6}"
EndProject
Project("{2150E333-8FDC-42A3-9474-1A3956D46DE8}") = "Services", "Services", "{9EC230DD-E5D2-4357-B36D-AD37F6F4AB3E}"
EndProject
Project("{2150E333-8FDC-42A3-9474-1A3956D46DE8}") = "AppServices", "AppServices", "{E3569E70-5075-4403-BE32-8200B1219961}"
EndProject
Project("{2150E333-8FDC-42A3-9474-1A3956D46DE8}") = "Services", "Services", "{CD8B8E9A-81FA-4F36-A371-DE1EC83BAAB6}"
EndProject
Project("{2150E333-8FDC-42A3-9474-1A3956D46DE8}") = "DataAccess", "DataAccess", "{1E20ED79-E33D-4E10-84ED-16316332B423}"
EndProject
Project("{2150E333-8FDC-42A3-9474-1A3956D46DE8}") = "DataBase", "DataBase", "{2D138883-FCAC-425C-AEE3-7A398E066AB4}"
EndProject
Project("{9A19103F-16F7-4668-BE54-9A1E7A4F7556}") = "HomeService.Domain.Core", "HomeService.Domain.Core\HomeService.Domain.Core.csproj", "{26F6CBAA-C596-4F1A-8AC2-A67FFD62AB42}"
EndProject
Project("{9A19103F-16F7-4668-BE54-9A1E7A4F7556}") = "HomeService.Domain.Services.AppServices", "HomeService.Domain.Services.AppServices\HomeService.Domain.Services.AppServices.csproj", "{2E5E38D3-EF98-4E17-B6DD-5EEB51760185}"
EndProject
Project("{9A19103F-16F7-4668-BE54-9A1E7A4F7556}") = "HomeService.Domain.Services.Services", "HomeService.Domain.Services.Services\HomeService.Domain.Services.Services.csproj", "{12549E6C-2426-4E10-A8EF-29A29A736EDF}"
EndProject
Project("{9A19103F-16F7-4668-BE54-9A1E7A4F7556}") = "HomeService.Infra.DataAccsess.Repos.EF", "HomeService.Infra.DataAccsess.Repos.EF\HomeService.Infra.DataAccsess.Repos.EF.csproj", "{F6FE4B8D-D34E-42AF-9413-4FB4F83C64B5}"
EndProject
Project("{9A19103F-16F7-4668-BE54-9A1E7A4F7556}") = "HomeService.Infra.DataBase.SQLServer", "HomeService.Infra.DataBase.SQLServer\HomeService.Infra.DataBase.SQLServer.csproj", "{E84AEDFC-ABE4-4921-A45E-863BAC186BD9}"
EndProject
Project("{9A19103F-16F7-4668-BE54-9A1E7A4F7556}") = "HomeService.Endpoint.RazorPages.UI", "HomeService.Endpoint.RazorPages.UI\HomeService.Endpoint.RazorPages.UI.csproj", "{C9917195-8B6C-4797-B2DE-98B059BF3DDA}"
EndProject
Project("{2150E333-8FDC-42A3-9474-1A3956D46DE8}") = "00-Framework", "00-Framework", "{3D0EAA5E-EA55-431C-A2A9-DD293B70B330}"
EndProject
Project("{9A19103F-16F7-4668-BE54-9A1E7A4F7556}") = "Framework", "Framework\Framework.csproj", "{3D74DC83-76EA-4759-909E-49350CD9FDB4}"
EndProject
Project("{9A19103F-16F7-4668-BE54-9A1E7A4F7556}") = "HomeService.Endpoint.WebAPI", "HomeService.Endpoint.WebAPI\HomeService.Endpoint.WebAPI.csproj", "{63CC5477-3E66-4E71-91EA-7DDDA90914C9}"
EndProject
Global
	GlobalSection(SolutionConfigurationPlatforms) = preSolution
		Debug|Any CPU = Debug|Any CPU
		Release|Any CPU = Release|Any CPU
	EndGlobalSection
	GlobalSection(ProjectConfigurationPlatforms) = postSolution
		{26F6CBAA-C596-4F1A-8AC2-A67FFD62AB42}.Debug|Any CPU.ActiveCfg = Debug|Any CPU
		{26F6CBAA-C596-4F1A-8AC2-A67FFD62AB42}.Debug|Any CPU.Build.0 = Debug|Any CPU
		{26F6CBAA-C596-4F1A-8AC2-A67FFD62AB42}.Release|Any CPU.ActiveCfg = Release|Any CPU
		{26F6CBAA-C596-4F1A-8AC2-A67FFD62AB42}.Release|Any CPU.Build.0 = Release|Any CPU
		{2E5E38D3-EF98-4E17-B6DD-5EEB51760185}.Debug|Any CPU.ActiveCfg = Debug|Any CPU
		{2E5E38D3-EF98-4E17-B6DD-5EEB51760185}.Debug|Any CPU.Build.0 = Debug|Any CPU
		{2E5E38D3-EF98-4E17-B6DD-5EEB51760185}.Release|Any CPU.ActiveCfg = Release|Any CPU
		{2E5E38D3-EF98-4E17-B6DD-5EEB51760185}.Release|Any CPU.Build.0 = Release|Any CPU
		{12549E6C-2426-4E10-A8EF-29A29A736EDF}.Debug|Any CPU.ActiveCfg = Debug|Any CPU
		{12549E6C-2426-4E10-A8EF-29A29A736EDF}.Debug|Any CPU.Build.0 = Debug|Any CPU
		{12549E6C-2426-4E10-A8EF-29A29A736EDF}.Release|Any CPU.ActiveCfg = Release|Any CPU
		{12549E6C-2426-4E10-A8EF-29A29A736EDF}.Release|Any CPU.Build.0 = Release|Any CPU
		{F6FE4B8D-D34E-42AF-9413-4FB4F83C64B5}.Debug|Any CPU.ActiveCfg = Debug|Any CPU
		{F6FE4B8D-D34E-42AF-9413-4FB4F83C64B5}.Debug|Any CPU.Build.0 = Debug|Any CPU
		{F6FE4B8D-D34E-42AF-9413-4FB4F83C64B5}.Release|Any CPU.ActiveCfg = Release|Any CPU
		{F6FE4B8D-D34E-42AF-9413-4FB4F83C64B5}.Release|Any CPU.Build.0 = Release|Any CPU
		{E84AEDFC-ABE4-4921-A45E-863BAC186BD9}.Debug|Any CPU.ActiveCfg = Debug|Any CPU
		{E84AEDFC-ABE4-4921-A45E-863BAC186BD9}.Debug|Any CPU.Build.0 = Debug|Any CPU
		{E84AEDFC-ABE4-4921-A45E-863BAC186BD9}.Release|Any CPU.ActiveCfg = Release|Any CPU
		{E84AEDFC-ABE4-4921-A45E-863BAC186BD9}.Release|Any CPU.Build.0 = Release|Any CPU
		{C9917195-8B6C-4797-B2DE-98B059BF3DDA}.Debug|Any CPU.ActiveCfg = Debug|Any CPU
		{C9917195-8B6C-4797-B2DE-98B059BF3DDA}.Debug|Any CPU.Build.0 = Debug|Any CPU
		{C9917195-8B6C-4797-B2DE-98B059BF3DDA}.Release|Any CPU.ActiveCfg = Release|Any CPU
		{C9917195-8B6C-4797-B2DE-98B059BF3DDA}.Release|Any CPU.Build.0 = Release|Any CPU
		{3D74DC83-76EA-4759-909E-49350CD9FDB4}.Debug|Any CPU.ActiveCfg = Debug|Any CPU
		{3D74DC83-76EA-4759-909E-49350CD9FDB4}.Debug|Any CPU.Build.0 = Debug|Any CPU
		{3D74DC83-76EA-4759-909E-49350CD9FDB4}.Release|Any CPU.ActiveCfg = Release|Any CPU
		{3D74DC83-76EA-4759-909E-49350CD9FDB4}.Release|Any CPU.Build.0 = Release|Any CPU
		{63CC5477-3E66-4E71-91EA-7DDDA90914C9}.Debug|Any CPU.ActiveCfg = Debug|Any CPU
		{63CC5477-3E66-4E71-91EA-7DDDA90914C9}.Debug|Any CPU.Build.0 = Debug|Any CPU
		{63CC5477-3E66-4E71-91EA-7DDDA90914C9}.Release|Any CPU.ActiveCfg = Release|Any CPU
		{63CC5477-3E66-4E71-91EA-7DDDA90914C9}.Release|Any CPU.Build.0 = Release|Any CPU
	EndGlobalSection
	GlobalSection(SolutionProperties) = preSolution
		HideSolutionNode = FALSE
	EndGlobalSection
	GlobalSection(NestedProjects) = preSolution
		{4C111670-BD95-4E3E-8A49-DAC05FACFAD6} = {3836BF22-8579-47FA-8FD8-F2D2E9BDA1B3}
		{9EC230DD-E5D2-4357-B36D-AD37F6F4AB3E} = {3836BF22-8579-47FA-8FD8-F2D2E9BDA1B3}
		{E3569E70-5075-4403-BE32-8200B1219961} = {9EC230DD-E5D2-4357-B36D-AD37F6F4AB3E}
		{CD8B8E9A-81FA-4F36-A371-DE1EC83BAAB6} = {9EC230DD-E5D2-4357-B36D-AD37F6F4AB3E}
		{1E20ED79-E33D-4E10-84ED-16316332B423} = {B5DE5FB6-2D75-4AF4-B609-431C8204EB57}
		{2D138883-FCAC-425C-AEE3-7A398E066AB4} = {B5DE5FB6-2D75-4AF4-B609-431C8204EB57}
		{26F6CBAA-C596-4F1A-8AC2-A67FFD62AB42} = {4C111670-BD95-4E3E-8A49-DAC05FACFAD6}
		{2E5E38D3-EF98-4E17-B6DD-5EEB51760185} = {E3569E70-5075-4403-BE32-8200B1219961}
		{12549E6C-2426-4E10-A8EF-29A29A736EDF} = {CD8B8E9A-81FA-4F36-A371-DE1EC83BAAB6}
		{F6FE4B8D-D34E-42AF-9413-4FB4F83C64B5} = {1E20ED79-E33D-4E10-84ED-16316332B423}
		{E84AEDFC-ABE4-4921-A45E-863BAC186BD9} = {2D138883-FCAC-425C-AEE3-7A398E066AB4}
		{C9917195-8B6C-4797-B2DE-98B059BF3DDA} = {BFB3386A-EED6-4ED9-8280-FC80D23AFAFE}
		{3D74DC83-76EA-4759-909E-49350CD9FDB4} = {3D0EAA5E-EA55-431C-A2A9-DD293B70B330}
		{63CC5477-3E66-4E71-91EA-7DDDA90914C9} = {BFB3386A-EED6-4ED9-8280-FC80D23AFAFE}
	EndGlobalSection
	GlobalSection(ExtensibilityGlobals) = postSolution
		SolutionGuid = {0AEE9BB3-1D0D-43A9-A4DA-45F66C68E4CB}
	EndGlobalSection
EndGlobal
